PODS:
  - Flutter (1.0.0)
  - flutter_sound (0.0.1):
    - Flutter

DEPENDENCIES:
  - Flutter (from `Flutter`)
  - flutter_sound (from `.symlinks/plugins/flutter_sound/ios`)

EXTERNAL SOURCES:
  Flutter:
    :path: Flutter
  flutter_sound:
    :path: ".symlinks/plugins/flutter_sound/ios"

SPEC CHECKSUMS:
  Flutter: 434fef37c0980e73bb6479ef766c45957d4b510c
  flutter_sound: 0e8163ceac1e00eb6d894e2ae4641ba726a2c479

PODFILE CHECKSUM: a1a14ba2a7e8a402c9130633ec30a044a85a3609

COCOAPODS: 1.10.0
